
Microsoft Visual Studio Solution File, Format Version 12.00
# Visual Studio Version 17
VisualStudioVersion = 17.14.36518.9
MinimumVisualStudioVersion = 10.0.40219.1
Project("{FAE04EC0-301F-11D3-BF4B-00C04F79EFBC}") = "LibraryOFBabel", "LibraryOFBabel\LibraryOFBabel.csproj", "{AFEFF760-98D3-4D39-9397-EAE49D8AA5B9}"
EndProject
Project("{FAE04EC0-301F-11D3-BF4B-00C04F79EFBC}") = "LibraryOFBabel.Tests", "LibraryOFBabel.Tests\LibraryOFBabel.Tests.csproj", "{32079C38-79CA-4A03-B16A-1350CFAB97D9}"
EndProject
Global
	GlobalSection(SolutionConfigurationPlatforms) = preSolution
		Debug|Any CPU = Debug|Any CPU
		Debug|x64 = Debug|x64
		Debug|x86 = Debug|x86
		Release|Any CPU = Release|Any CPU
		Release|x64 = Release|x64
		Release|x86 = Release|x86
	EndGlobalSection
	GlobalSection(ProjectConfigurationPlatforms) = postSolution
		{AFEFF760-98D3-4D39-9397-EAE49D8AA5B9}.Debug|Any CPU.ActiveCfg = Debug|Any CPU
		{AFEFF760-98D3-4D39-9397-EAE49D8AA5B9}.Debug|Any CPU.Build.0 = Debug|Any CPU
		{AFEFF760-98D3-4D39-9397-EAE49D8AA5B9}.Debug|x64.ActiveCfg = Debug|Any CPU
		{AFEFF760-98D3-4D39-9397-EAE49D8AA5B9}.Debug|x64.Build.0 = Debug|Any CPU
		{AFEFF760-98D3-4D39-9397-EAE49D8AA5B9}.Debug|x86.ActiveCfg = Debug|Any CPU
		{AFEFF760-98D3-4D39-9397-EAE49D8AA5B9}.Debug|x86.Build.0 = Debug|Any CPU
		{AFEFF760-98D3-4D39-9397-EAE49D8AA5B9}.Release|Any CPU.ActiveCfg = Release|Any CPU
		{AFEFF760-98D3-4D39-9397-EAE49D8AA5B9}.Release|Any CPU.Build.0 = Release|Any CPU
		{AFEFF760-98D3-4D39-9397-EAE49D8AA5B9}.Release|x64.ActiveCfg = Release|Any CPU
		{AFEFF760-98D3-4D39-9397-EAE49D8AA5B9}.Release|x64.Build.0 = Release|Any CPU
		{AFEFF760-98D3-4D39-9397-EAE49D8AA5B9}.Release|x86.ActiveCfg = Release|Any CPU
		{AFEFF760-98D3-4D39-9397-EAE49D8AA5B9}.Release|x86.Build.0 = Release|Any CPU
		{32079C38-79CA-4A03-B16A-1350CFAB97D9}.Debug|Any CPU.ActiveCfg = Debug|Any CPU
		{32079C38-79CA-4A03-B16A-1350CFAB97D9}.Debug|Any CPU.Build.0 = Debug|Any CPU
		{32079C38-79CA-4A03-B16A-1350CFAB97D9}.Debug|x64.ActiveCfg = Debug|Any CPU
		{32079C38-79CA-4A03-B16A-1350CFAB97D9}.Debug|x64.Build.0 = Debug|Any CPU
		{32079C38-79CA-4A03-B16A-1350CFAB97D9}.Debug|x86.ActiveCfg = Debug|Any CPU
		{32079C38-79CA-4A03-B16A-1350CFAB97D9}.Debug|x86.Build.0 = Debug|Any CPU
		{32079C38-79CA-4A03-B16A-1350CFAB97D9}.Release|Any CPU.ActiveCfg = Release|Any CPU
		{32079C38-79CA-4A03-B16A-1350CFAB97D9}.Release|Any CPU.Build.0 = Release|Any CPU
		{32079C38-79CA-4A03-B16A-1350CFAB97D9}.Release|x64.ActiveCfg = Release|Any CPU
		{32079C38-79CA-4A03-B16A-1350CFAB97D9}.Release|x64.Build.0 = Release|Any CPU
		{32079C38-79CA-4A03-B16A-1350CFAB97D9}.Release|x86.ActiveCfg = Release|Any CPU
		{32079C38-79CA-4A03-B16A-1350CFAB97D9}.Release|x86.Build.0 = Release|Any CPU
	EndGlobalSection
	GlobalSection(SolutionProperties) = preSolution
		HideSolutionNode = FALSE
	EndGlobalSection
	GlobalSection(ExtensibilityGlobals) = postSolution
		SolutionGuid = {CFD0853E-8F0D-4185-AB9B-72B1FFC9E6FA}
	EndGlobalSection
EndGlobal
